
Microsoft Visual Studio Solution File, Format Version 12.00
# Visual Studio 2012
Project("{F2A71F9B-5D33-465A-A702-920D77279786}") = "Box2D_iioEngine", "Box2D_iioEngine\Box2D_iioEngine.fsproj", "{38840911-8147-457C-A54A-2D3B029CC7ED}"
EndProject
Global
	GlobalSection(SolutionConfigurationPlatforms) = preSolution
		Debug|Any CPU = Debug|Any CPU
		Release|Any CPU = Release|Any CPU
	EndGlobalSection
	GlobalSection(ProjectConfigurationPlatforms) = postSolution
		{38840911-8147-457C-A54A-2D3B029CC7ED}.Debug|Any CPU.ActiveCfg = Debug|Any CPU
		{38840911-8147-457C-A54A-2D3B029CC7ED}.Debug|Any CPU.Build.0 = Debug|Any CPU
		{38840911-8147-457C-A54A-2D3B029CC7ED}.Release|Any CPU.ActiveCfg = Release|Any CPU
		{38840911-8147-457C-A54A-2D3B029CC7ED}.Release|Any CPU.Build.0 = Release|Any CPU
	EndGlobalSection
	GlobalSection(SolutionProperties) = preSolution
		HideSolutionNode = FALSE
	EndGlobalSection
EndGlobal
