
Microsoft Visual Studio Solution File, Format Version 12.00
# Visual Studio 2012
Project("{F2A71F9B-5D33-465A-A702-920D77279786}") = "IIOEngine", "IIOEngine\IIOEngine.fsproj", "{26640F6C-07FF-4549-BA71-A10BCEADAFCF}"
EndProject
Global
	GlobalSection(SolutionConfigurationPlatforms) = preSolution
		Debug|Any CPU = Debug|Any CPU
		Release|Any CPU = Release|Any CPU
	EndGlobalSection
	GlobalSection(ProjectConfigurationPlatforms) = postSolution
		{26640F6C-07FF-4549-BA71-A10BCEADAFCF}.Debug|Any CPU.ActiveCfg = Debug|Any CPU
		{26640F6C-07FF-4549-BA71-A10BCEADAFCF}.Debug|Any CPU.Build.0 = Debug|Any CPU
		{26640F6C-07FF-4549-BA71-A10BCEADAFCF}.Release|Any CPU.ActiveCfg = Release|Any CPU
		{26640F6C-07FF-4549-BA71-A10BCEADAFCF}.Release|Any CPU.Build.0 = Release|Any CPU
	EndGlobalSection
	GlobalSection(SolutionProperties) = preSolution
		HideSolutionNode = FALSE
	EndGlobalSection
EndGlobal
